
Microsoft Visual Studio Solution File, Format Version 12.00
# Visual Studio Version 16
VisualStudioVersion = 16.0.30907.101
MinimumVisualStudioVersion = 10.0.40219.1
Project("{FAE04EC0-301F-11D3-BF4B-00C04F79EFBC}") = "Kata1", "Kata1\Kata1.csproj", "{AD1D7D96-7F5F-4765-A6D4-0C603FD83C06}"
EndProject
Project("{FAE04EC0-301F-11D3-BF4B-00C04F79EFBC}") = "Kata1Tests", "Kata1Tests\Kata1Tests.csproj", "{73EE0A74-71E9-4B13-8A86-9D575A5EC215}"
EndProject
Global
	GlobalSection(SolutionConfigurationPlatforms) = preSolution
		Debug|Any CPU = Debug|Any CPU
		Release|Any CPU = Release|Any CPU
	EndGlobalSection
	GlobalSection(ProjectConfigurationPlatforms) = postSolution
		{AD1D7D96-7F5F-4765-A6D4-0C603FD83C06}.Debug|Any CPU.ActiveCfg = Debug|Any CPU
		{AD1D7D96-7F5F-4765-A6D4-0C603FD83C06}.Debug|Any CPU.Build.0 = Debug|Any CPU
		{AD1D7D96-7F5F-4765-A6D4-0C603FD83C06}.Release|Any CPU.ActiveCfg = Release|Any CPU
		{AD1D7D96-7F5F-4765-A6D4-0C603FD83C06}.Release|Any CPU.Build.0 = Release|Any CPU
		{73EE0A74-71E9-4B13-8A86-9D575A5EC215}.Debug|Any CPU.ActiveCfg = Debug|Any CPU
		{73EE0A74-71E9-4B13-8A86-9D575A5EC215}.Debug|Any CPU.Build.0 = Debug|Any CPU
		{73EE0A74-71E9-4B13-8A86-9D575A5EC215}.Release|Any CPU.ActiveCfg = Release|Any CPU
		{73EE0A74-71E9-4B13-8A86-9D575A5EC215}.Release|Any CPU.Build.0 = Release|Any CPU
	EndGlobalSection
	GlobalSection(SolutionProperties) = preSolution
		HideSolutionNode = FALSE
	EndGlobalSection
	GlobalSection(ExtensibilityGlobals) = postSolution
		SolutionGuid = {CAA192E2-9F0E-4565-8853-07961E95055A}
	EndGlobalSection
EndGlobal
